
Microsoft Visual Studio Solution File, Format Version 12.00
# Visual Studio Version 17
VisualStudioVersion = 17.4.33122.133
MinimumVisualStudioVersion = 10.0.40219.1
Project("{2150E333-8FDC-42A3-9474-1A3956D46DE8}") = "src", "src", "{91F9D55B-6C85-48CA-BFF1-7C6B1B9B283A}"
EndProject
Project("{2150E333-8FDC-42A3-9474-1A3956D46DE8}") = "tests", "tests", "{BC16B898-C66E-4902-8CE0-9FFFDF1BBB4F}"
EndProject
Project("{9A19103F-16F7-4668-BE54-9A1E7A4F7556}") = "Pan.Affiliation.Application", "src\Pan.Affiliation.Application\Pan.Affiliation.Application.csproj", "{EE878F49-D028-4268-8B2E-374174FA9785}"
EndProject
Project("{9A19103F-16F7-4668-BE54-9A1E7A4F7556}") = "Pan.Affiliation.Domain", "src\Pan.Affiliation.Domain\Pan.Affiliation.Domain.csproj", "{1026478E-CA8E-48BE-A569-0F0FD967CA20}"
EndProject
Project("{9A19103F-16F7-4668-BE54-9A1E7A4F7556}") = "Pan.Affiliation.Infrastructure", "src\Pan.Affiliation.Infrastructure\Pan.Affiliation.Infrastructure.csproj", "{5A910152-0B05-4F12-A616-5153D9F7A107}"
EndProject
Project("{9A19103F-16F7-4668-BE54-9A1E7A4F7556}") = "Pan.Affiliation.UnitTests", "tests\Pan.Affiliation.UnitTests\Pan.Affiliation.UnitTests.csproj", "{4041E6A0-4E84-4156-9C19-0943FA46CBA1}"
EndProject
Project("{FAE04EC0-301F-11D3-BF4B-00C04F79EFBC}") = "Pan.Affiliation.Api", "src\Pan.Affiliation.Api\Pan.Affiliation.Api.csproj", "{6C64FD50-8210-4833-AEEB-F15748ACEDDF}"
EndProject
Project("{2150E333-8FDC-42A3-9474-1A3956D46DE8}") = "Solution Items", "Solution Items", "{13C58BD9-B17C-4CF4-B84A-DD27113907A9}"
	ProjectSection(SolutionItems) = preProject
		.dockerignore = .dockerignore
		.gitattributes = .gitattributes
		.gitignore = .gitignore
		Dockerfile = Dockerfile
		README.md = README.md
	EndProjectSection
EndProject
Project("{9A19103F-16F7-4668-BE54-9A1E7A4F7556}") = "Pan.Affiliation.Shared", "src\Pan.Affiliation.Shared\Pan.Affiliation.Shared.csproj", "{5EAB572D-E4C0-4EF1-9D59-8AD0A28DF0CD}"
EndProject
Global
	GlobalSection(SolutionConfigurationPlatforms) = preSolution
		Debug|Any CPU = Debug|Any CPU
		Release|Any CPU = Release|Any CPU
	EndGlobalSection
	GlobalSection(ProjectConfigurationPlatforms) = postSolution
		{EE878F49-D028-4268-8B2E-374174FA9785}.Debug|Any CPU.ActiveCfg = Debug|Any CPU
		{EE878F49-D028-4268-8B2E-374174FA9785}.Debug|Any CPU.Build.0 = Debug|Any CPU
		{EE878F49-D028-4268-8B2E-374174FA9785}.Release|Any CPU.ActiveCfg = Release|Any CPU
		{EE878F49-D028-4268-8B2E-374174FA9785}.Release|Any CPU.Build.0 = Release|Any CPU
		{1026478E-CA8E-48BE-A569-0F0FD967CA20}.Debug|Any CPU.ActiveCfg = Debug|Any CPU
		{1026478E-CA8E-48BE-A569-0F0FD967CA20}.Debug|Any CPU.Build.0 = Debug|Any CPU
		{1026478E-CA8E-48BE-A569-0F0FD967CA20}.Release|Any CPU.ActiveCfg = Release|Any CPU
		{1026478E-CA8E-48BE-A569-0F0FD967CA20}.Release|Any CPU.Build.0 = Release|Any CPU
		{5A910152-0B05-4F12-A616-5153D9F7A107}.Debug|Any CPU.ActiveCfg = Debug|Any CPU
		{5A910152-0B05-4F12-A616-5153D9F7A107}.Debug|Any CPU.Build.0 = Debug|Any CPU
		{5A910152-0B05-4F12-A616-5153D9F7A107}.Release|Any CPU.ActiveCfg = Release|Any CPU
		{5A910152-0B05-4F12-A616-5153D9F7A107}.Release|Any CPU.Build.0 = Release|Any CPU
		{4041E6A0-4E84-4156-9C19-0943FA46CBA1}.Debug|Any CPU.ActiveCfg = Debug|Any CPU
		{4041E6A0-4E84-4156-9C19-0943FA46CBA1}.Debug|Any CPU.Build.0 = Debug|Any CPU
		{4041E6A0-4E84-4156-9C19-0943FA46CBA1}.Release|Any CPU.ActiveCfg = Release|Any CPU
		{4041E6A0-4E84-4156-9C19-0943FA46CBA1}.Release|Any CPU.Build.0 = Release|Any CPU
		{6C64FD50-8210-4833-AEEB-F15748ACEDDF}.Debug|Any CPU.ActiveCfg = Debug|Any CPU
		{6C64FD50-8210-4833-AEEB-F15748ACEDDF}.Debug|Any CPU.Build.0 = Debug|Any CPU
		{6C64FD50-8210-4833-AEEB-F15748ACEDDF}.Release|Any CPU.ActiveCfg = Release|Any CPU
		{6C64FD50-8210-4833-AEEB-F15748ACEDDF}.Release|Any CPU.Build.0 = Release|Any CPU
		{5EAB572D-E4C0-4EF1-9D59-8AD0A28DF0CD}.Debug|Any CPU.ActiveCfg = Debug|Any CPU
		{5EAB572D-E4C0-4EF1-9D59-8AD0A28DF0CD}.Debug|Any CPU.Build.0 = Debug|Any CPU
		{5EAB572D-E4C0-4EF1-9D59-8AD0A28DF0CD}.Release|Any CPU.ActiveCfg = Release|Any CPU
		{5EAB572D-E4C0-4EF1-9D59-8AD0A28DF0CD}.Release|Any CPU.Build.0 = Release|Any CPU
	EndGlobalSection
	GlobalSection(SolutionProperties) = preSolution
		HideSolutionNode = FALSE
	EndGlobalSection
	GlobalSection(NestedProjects) = preSolution
		{EE878F49-D028-4268-8B2E-374174FA9785} = {91F9D55B-6C85-48CA-BFF1-7C6B1B9B283A}
		{1026478E-CA8E-48BE-A569-0F0FD967CA20} = {91F9D55B-6C85-48CA-BFF1-7C6B1B9B283A}
		{5A910152-0B05-4F12-A616-5153D9F7A107} = {91F9D55B-6C85-48CA-BFF1-7C6B1B9B283A}
		{4041E6A0-4E84-4156-9C19-0943FA46CBA1} = {BC16B898-C66E-4902-8CE0-9FFFDF1BBB4F}
		{6C64FD50-8210-4833-AEEB-F15748ACEDDF} = {91F9D55B-6C85-48CA-BFF1-7C6B1B9B283A}
		{5EAB572D-E4C0-4EF1-9D59-8AD0A28DF0CD} = {91F9D55B-6C85-48CA-BFF1-7C6B1B9B283A}
	EndGlobalSection
	GlobalSection(ExtensibilityGlobals) = postSolution
		SolutionGuid = {E9FE44BE-5A45-4C1B-9D16-AD4561CDF17E}
	EndGlobalSection
EndGlobal
