
Microsoft Visual Studio Solution File, Format Version 12.00
# Visual Studio Version 17
VisualStudioVersion = 17.4.33122.133
MinimumVisualStudioVersion = 10.0.40219.1
Project("{2150E333-8FDC-42A3-9474-1A3956D46DE8}") = "src", "src", "{91F9D55B-6C85-48CA-BFF1-7C6B1B9B283A}"
EndProject
Project("{2150E333-8FDC-42A3-9474-1A3956D46DE8}") = "tests", "tests", "{BC16B898-C66E-4902-8CE0-9FFFDF1BBB4F}"
EndProject
Project("{FAE04EC0-301F-11D3-BF4B-00C04F79EFBC}") = "Pan.Affiliation.Api", "src\Pan.Affiliation.Api\Pan.Affiliation.Api\Pan.Affiliation.Api.csproj", "{6BC3C2BC-5641-48DC-BF1C-F1C1131BDF56}"
EndProject
Global
	GlobalSection(SolutionConfigurationPlatforms) = preSolution
		Debug|Any CPU = Debug|Any CPU
		Release|Any CPU = Release|Any CPU
	EndGlobalSection
	GlobalSection(ProjectConfigurationPlatforms) = postSolution
		{6BC3C2BC-5641-48DC-BF1C-F1C1131BDF56}.Debug|Any CPU.ActiveCfg = Debug|Any CPU
		{6BC3C2BC-5641-48DC-BF1C-F1C1131BDF56}.Debug|Any CPU.Build.0 = Debug|Any CPU
		{6BC3C2BC-5641-48DC-BF1C-F1C1131BDF56}.Release|Any CPU.ActiveCfg = Release|Any CPU
		{6BC3C2BC-5641-48DC-BF1C-F1C1131BDF56}.Release|Any CPU.Build.0 = Release|Any CPU
	EndGlobalSection
	GlobalSection(SolutionProperties) = preSolution
		HideSolutionNode = FALSE
	EndGlobalSection
	GlobalSection(NestedProjects) = preSolution
		{6BC3C2BC-5641-48DC-BF1C-F1C1131BDF56} = {91F9D55B-6C85-48CA-BFF1-7C6B1B9B283A}
	EndGlobalSection
	GlobalSection(ExtensibilityGlobals) = postSolution
		SolutionGuid = {E9FE44BE-5A45-4C1B-9D16-AD4561CDF17E}
	EndGlobalSection
EndGlobal
